// !$*UTF8*$!
{
	archiveVersion = 1;
	classes = {
	};
	objectVersion = 46;
	objects = {

/* Begin PBXBuildFile section */
		6B9F93721DAB99DD00C974FE /* main.m in Sources */ = {isa = PBXBuildFile; fileRef = 6B9F93711DAB99DD00C974FE /* main.m */; };
		6B9F93751DAB99DD00C974FE /* AppDelegate.m in Sources */ = {isa = PBXBuildFile; fileRef = 6B9F93741DAB99DD00C974FE /* AppDelegate.m */; };
		6B9F93781DAB99DD00C974FE /* ViewController.m in Sources */ = {isa = PBXBuildFile; fileRef = 6B9F93771DAB99DD00C974FE /* ViewController.m */; };
		6B9F937B1DAB99DD00C974FE /* Main.storyboard in Resources */ = {isa = PBXBuildFile; fileRef = 6B9F93791DAB99DD00C974FE /* Main.storyboard */; };
		6B9F937D1DAB99DD00C974FE /* Assets.xcassets in Resources */ = {isa = PBXBuildFile; fileRef = 6B9F937C1DAB99DD00C974FE /* Assets.xcassets */; };
		6B9F93801DAB99DD00C974FE /* LaunchScreen.storyboard in Resources */ = {isa = PBXBuildFile; fileRef = 6B9F937E1DAB99DD00C974FE /* LaunchScreen.storyboard */; };
		6B9F93891DAB9C0000C974FE /* YYBLandlordCalendarView.m in Sources */ = {isa = PBXBuildFile; fileRef = 6B9F93881DAB9C0000C974FE /* YYBLandlordCalendarView.m */; };
		6B9F938C1DAB9C3900C974FE /* YYBCalendarCell.m in Sources */ = {isa = PBXBuildFile; fileRef = 6B9F938B1DAB9C3900C974FE /* YYBCalendarCell.m */; };
		6B9F938F1DAB9C6000C974FE /* YYBHouseCalendarModel.m in Sources */ = {isa = PBXBuildFile; fileRef = 6B9F938E1DAB9C6000C974FE /* YYBHouseCalendarModel.m */; };
		6B9F93951DAC798900C974FE /* YYBCollectionViewHorizontalLayout.m in Sources */ = {isa = PBXBuildFile; fileRef = 6B9F93941DAC798900C974FE /* YYBCollectionViewHorizontalLayout.m */; };
		6B9F93981DAC822500C974FE /* UIView+Add.m in Sources */ = {isa = PBXBuildFile; fileRef = 6B9F93971DAC822500C974FE /* UIView+Add.m */; };
/* End PBXBuildFile section */

/* Begin PBXFileReference section */
		6B9F936D1DAB99DD00C974FE /* horizontallyCalenadrDemo.app */ = {isa = PBXFileReference; explicitFileType = wrapper.application; includeInIndex = 0; path = horizontallyCalenadrDemo.app; sourceTree = BUILT_PRODUCTS_DIR; };
		6B9F93711DAB99DD00C974FE /* main.m */ = {isa = PBXFileReference; lastKnownFileType = sourcecode.c.objc; path = main.m; sourceTree = "<group>"; };
		6B9F93731DAB99DD00C974FE /* AppDelegate.h */ = {isa = PBXFileReference; lastKnownFileType = sourcecode.c.h; path = AppDelegate.h; sourceTree = "<group>"; };
		6B9F93741DAB99DD00C974FE /* AppDelegate.m */ = {isa = PBXFileReference; lastKnownFileType = sourcecode.c.objc; path = AppDelegate.m; sourceTree = "<group>"; };
		6B9F93761DAB99DD00C974FE /* ViewController.h */ = {isa = PBXFileReference; lastKnownFileType = sourcecode.c.h; path = ViewController.h; sourceTree = "<group>"; };
		6B9F93771DAB99DD00C974FE /* ViewController.m */ = {isa = PBXFileReference; lastKnownFileType = sourcecode.c.objc; path = ViewController.m; sourceTree = "<group>"; };
		6B9F937A1DAB99DD00C974FE /* Base */ = {isa = PBXFileReference; lastKnownFileType = file.storyboard; name = Base; path = Base.lproj/Main.storyboard; sourceTree = "<group>"; };
		6B9F937C1DAB99DD00C974FE /* Assets.xcassets */ = {isa = PBXFileReference; lastKnownFileType = folder.assetcatalog; path = Assets.xcassets; sourceTree = "<group>"; };
		6B9F937F1DAB99DD00C974FE /* Base */ = {isa = PBXFileReference; lastKnownFileType = file.storyboard; name = Base; path = Base.lproj/LaunchScreen.storyboard; sourceTree = "<group>"; };
		6B9F93811DAB99DD00C974FE /* Info.plist */ = {isa = PBXFileReference; lastKnownFileType = text.plist.xml; path = Info.plist; sourceTree = "<group>"; };
		6B9F93871DAB9C0000C974FE /* YYBLandlordCalendarView.h */ = {isa = PBXFileReference; fileEncoding = 4; lastKnownFileType = sourcecode.c.h; path = YYBLandlordCalendarView.h; sourceTree = "<group>"; };
		6B9F93881DAB9C0000C974FE /* YYBLandlordCalendarView.m */ = {isa = PBXFileReference; fileEncoding = 4; lastKnownFileType = sourcecode.c.objc; path = YYBLandlordCalendarView.m; sourceTree = "<group>"; };
		6B9F938A1DAB9C3900C974FE /* YYBCalendarCell.h */ = {isa = PBXFileReference; fileEncoding = 4; lastKnownFileType = sourcecode.c.h; path = YYBCalendarCell.h; sourceTree = "<group>"; };
		6B9F938B1DAB9C3900C974FE /* YYBCalendarCell.m */ = {isa = PBXFileReference; fileEncoding = 4; lastKnownFileType = sourcecode.c.objc; path = YYBCalendarCell.m; sourceTree = "<group>"; };
		6B9F938D1DAB9C6000C974FE /* YYBHouseCalendarModel.h */ = {isa = PBXFileReference; fileEncoding = 4; lastKnownFileType = sourcecode.c.h; path = YYBHouseCalendarModel.h; sourceTree = "<group>"; };
		6B9F938E1DAB9C6000C974FE /* YYBHouseCalendarModel.m */ = {isa = PBXFileReference; fileEncoding = 4; lastKnownFileType = sourcecode.c.objc; path = YYBHouseCalendarModel.m; sourceTree = "<group>"; };
		6B9F93931DAC798900C974FE /* YYBCollectionViewHorizontalLayout.h */ = {isa = PBXFileReference; fileEncoding = 4; lastKnownFileType = sourcecode.c.h; path = YYBCollectionViewHorizontalLayout.h; sourceTree = "<group>"; };
		6B9F93941DAC798900C974FE /* YYBCollectionViewHorizontalLayout.m */ = {isa = PBXFileReference; fileEncoding = 4; lastKnownFileType = sourcecode.c.objc; path = YYBCollectionViewHorizontalLayout.m; sourceTree = "<group>"; };
		6B9F93961DAC822500C974FE /* UIView+Add.h */ = {isa = PBXFileReference; fileEncoding = 4; lastKnownFileType = sourcecode.c.h; path = "UIView+Add.h"; sourceTree = "<group>"; };
		6B9F93971DAC822500C974FE /* UIView+Add.m */ = {isa = PBXFileReference; fileEncoding = 4; lastKnownFileType = sourcecode.c.objc; path = "UIView+Add.m"; sourceTree = "<group>"; };
/* End PBXFileReference section */

/* Begin PBXFrameworksBuildPhase section */
		6B9F936A1DAB99DD00C974FE /* Frameworks */ = {
			isa = PBXFrameworksBuildPhase;
			buildActionMask = 2147483647;
			files = (
			);
			runOnlyForDeploymentPostprocessing = 0;
		};
/* End PBXFrameworksBuildPhase section */

/* Begin PBXGroup section */
		6B9F93641DAB99DC00C974FE = {
			isa = PBXGroup;
			children = (
				6B9F936F1DAB99DD00C974FE /* horizontallyCalenadrDemo */,
				6B9F936E1DAB99DD00C974FE /* Products */,
			);
			sourceTree = "<group>";
		};
		6B9F936E1DAB99DD00C974FE /* Products */ = {
			isa = PBXGroup;
			children = (
				6B9F936D1DAB99DD00C974FE /* horizontallyCalenadrDemo.app */,
			);
			name = Products;
			sourceTree = "<group>";
		};
		6B9F936F1DAB99DD00C974FE /* horizontallyCalenadrDemo */ = {
			isa = PBXGroup;
			children = (
				6B9F938D1DAB9C6000C974FE /* YYBHouseCalendarModel.h */,
				6B9F938E1DAB9C6000C974FE /* YYBHouseCalendarModel.m */,
				6B9F938A1DAB9C3900C974FE /* YYBCalendarCell.h */,
				6B9F938B1DAB9C3900C974FE /* YYBCalendarCell.m */,
				6B9F93931DAC798900C974FE /* YYBCollectionViewHorizontalLayout.h */,
				6B9F93941DAC798900C974FE /* YYBCollectionViewHorizontalLayout.m */,
				6B9F93871DAB9C0000C974FE /* YYBLandlordCalendarView.h */,
				6B9F93881DAB9C0000C974FE /* YYBLandlordCalendarView.m */,
				6B9F93731DAB99DD00C974FE /* AppDelegate.h */,
				6B9F93741DAB99DD00C974FE /* AppDelegate.m */,
				6B9F93761DAB99DD00C974FE /* ViewController.h */,
				6B9F93771DAB99DD00C974FE /* ViewController.m */,
				6B9F93961DAC822500C974FE /* UIView+Add.h */,
				6B9F93971DAC822500C974FE /* UIView+Add.m */,
				6B9F93791DAB99DD00C974FE /* Main.storyboard */,
				6B9F937C1DAB99DD00C974FE /* Assets.xcassets */,
				6B9F937E1DAB99DD00C974FE /* LaunchScreen.storyboard */,
				6B9F93811DAB99DD00C974FE /* Info.plist */,
				6B9F93701DAB99DD00C974FE /* Supporting Files */,
			);
			path = horizontallyCalenadrDemo;
			sourceTree = "<group>";
		};
		6B9F93701DAB99DD00C974FE /* Supporting Files */ = {
			isa = PBXGroup;
			children = (
				6B9F93711DAB99DD00C974FE /* main.m */,
			);
			name = "Supporting Files";
			sourceTree = "<group>";
		};
/* End PBXGroup section */

/* Begin PBXNativeTarget section */
		6B9F936C1DAB99DD00C974FE /* horizontallyCalenadrDemo */ = {
			isa = PBXNativeTarget;
			buildConfigurationList = 6B9F93841DAB99DD00C974FE /* Build configuration list for PBXNativeTarget "horizontallyCalenadrDemo" */;
			buildPhases = (
				6B9F93691DAB99DD00C974FE /* Sources */,
				6B9F936A1DAB99DD00C974FE /* Frameworks */,
				6B9F936B1DAB99DD00C974FE /* Resources */,
			);
			buildRules = (
			);
			dependencies = (
			);
			name = horizontallyCalenadrDemo;
			productName = horizontallyCalenadrDemo;
			productReference = 6B9F936D1DAB99DD00C974FE /* horizontallyCalenadrDemo.app */;
			productType = "com.apple.product-type.application";
		};
/* End PBXNativeTarget section */

/* Begin PBXProject section */
		6B9F93651DAB99DC00C974FE /* Project object */ = {
			isa = PBXProject;
			attributes = {
				LastUpgradeCheck = 0730;
				ORGANIZATIONNAME = haxwn;
				TargetAttributes = {
					6B9F936C1DAB99DD00C974FE = {
						CreatedOnToolsVersion = 7.3.1;
					};
				};
			};
			buildConfigurationList = 6B9F93681DAB99DC00C974FE /* Build configuration list for PBXProject "horizontallyCalenadrDemo" */;
			compatibilityVersion = "Xcode 3.2";
			developmentRegion = English;
			hasScannedForEncodings = 0;
			knownRegions = (
				en,
				Base,
			);
			mainGroup = 6B9F93641DAB99DC00C974FE;
			productRefGroup = 6B9F936E1DAB99DD00C974FE /* Products */;
			projectDirPath = "";
			projectRoot = "";
			targets = (
				6B9F936C1DAB99DD00C974FE /* horizontallyCalenadrDemo */,
			);
		};
/* End PBXProject section */

/* Begin PBXResourcesBuildPhase section */
		6B9F936B1DAB99DD00C974FE /* Resources */ = {
			isa = PBXResourcesBuildPhase;
			buildActionMask = 2147483647;
			files = (
				6B9F93801DAB99DD00C974FE /* LaunchScreen.storyboard in Resources */,
				6B9F937D1DAB99DD00C974FE /* Assets.xcassets in Resources */,
				6B9F937B1DAB99DD00C974FE /* Main.storyboard in Resources */,
			);
			runOnlyForDeploymentPostprocessing = 0;
		};
/* End PBXResourcesBuildPhase section */

/* Begin PBXSourcesBuildPhase section */
		6B9F93691DAB99DD00C974FE /* Sources */ = {
			isa = PBXSourcesBuildPhase;
			buildActionMask = 2147483647;
			files = (
				6B9F93951DAC798900C974FE /* YYBCollectionViewHorizontalLayout.m in Sources */,
				6B9F93781DAB99DD00C974FE /* ViewController.m in Sources */,
				6B9F93891DAB9C0000C974FE /* YYBLandlordCalendarView.m in Sources */,
				6B9F93981DAC822500C974FE /* UIView+Add.m in Sources */,
				6B9F93751DAB99DD00C974FE /* AppDelegate.m in Sources */,
				6B9F93721DAB99DD00C974FE /* main.m in Sources */,
				6B9F938C1DAB9C3900C974FE /* YYBCalendarCell.m in Sources */,
				6B9F938F1DAB9C6000C974FE /* YYBHouseCalendarModel.m in Sources */,
			);
			runOnlyForDeploymentPostprocessing = 0;
		};
/* End PBXSourcesBuildPhase section */

/* Begin PBXVariantGroup section */
		6B9F93791DAB99DD00C974FE /* Main.storyboard */ = {
			isa = PBXVariantGroup;
			children = (
				6B9F937A1DAB99DD00C974FE /* Base */,
			);
			name = Main.storyboard;
			sourceTree = "<group>";
		};
		6B9F937E1DAB99DD00C974FE /* LaunchScreen.storyboard */ = {
			isa = PBXVariantGroup;
			children = (
				6B9F937F1DAB99DD00C974FE /* Base */,
			);
			name = LaunchScreen.storyboard;
			sourceTree = "<group>";
		};
/* End PBXVariantGroup section */

/* Begin XCBuildConfiguration section */
		6B9F93821DAB99DD00C974FE /* Debug */ = {
			isa = XCBuildConfiguration;
			buildSettings = {
				ALWAYS_SEARCH_USER_PATHS = NO;
				CLANG_ANALYZER_NONNULL = YES;
				CLANG_CXX_LANGUAGE_STANDARD = "gnu++0x";
				CLANG_CXX_LIBRARY = "libc++";
				CLANG_ENABLE_MODULES = YES;
				CLANG_ENABLE_OBJC_ARC = YES;
				CLANG_WARN_BOOL_CONVERSION = YES;
				CLANG_WARN_CONSTANT_CONVERSION = YES;
				CLANG_WARN_DIRECT_OBJC_ISA_USAGE = YES_ERROR;
				CLANG_WARN_EMPTY_BODY = YES;
				CLANG_WARN_ENUM_CONVERSION = YES;
				CLANG_WARN_INT_CONVERSION = YES;
				CLANG_WARN_OBJC_ROOT_CLASS = YES_ERROR;
				CLANG_WARN_UNREACHABLE_CODE = YES;
				CLANG_WARN__DUPLICATE_METHOD_MATCH = YES;
				"CODE_SIGN_IDENTITY[sdk=iphoneos*]" = "iPhone Developer";
				COPY_PHASE_STRIP = NO;
				DEBUG_INFORMATION_FORMAT = dwarf;
				ENABLE_STRICT_OBJC_MSGSEND = YES;
				ENABLE_TESTABILITY = YES;
				GCC_C_LANGUAGE_STANDARD = gnu99;
				GCC_DYNAMIC_NO_PIC = NO;
				GCC_NO_COMMON_BLOCKS = YES;
				GCC_OPTIMIZATION_LEVEL = 0;
				GCC_PREPROCESSOR_DEFINITIONS = (
					"DEBUG=1",
					"$(inherited)",
				);
				GCC_WARN_64_TO_32_BIT_CONVERSION = YES;
				GCC_WARN_ABOUT_RETURN_TYPE = YES_ERROR;
				GCC_WARN_UNDECLARED_SELECTOR = YES;
				GCC_WARN_UNINITIALIZED_AUTOS = YES_AGGRESSIVE;
				GCC_WARN_UNUSED_FUNCTION = YES;
				GCC_WARN_UNUSED_VARIABLE = YES;
				IPHONEOS_DEPLOYMENT_TARGET = 9.3;
				MTL_ENABLE_DEBUG_INFO = YES;
				ONLY_ACTIVE_ARCH = YES;
				SDKROOT = iphoneos;
			};
			name = Debug;
		};
		6B9F93831DAB99DD00C974FE /* Release */ = {
			isa = XCBuildConfiguration;
			buildSettings = {
				ALWAYS_SEARCH_USER_PATHS = NO;
				CLANG_ANALYZER_NONNULL = YES;
				CLANG_CXX_LANGUAGE_STANDARD = "gnu++0x";
				CLANG_CXX_LIBRARY = "libc++";
				CLANG_ENABLE_MODULES = YES;
				CLANG_ENABLE_OBJC_ARC = YES;
				CLANG_WARN_BOOL_CONVERSION = YES;
				CLANG_WARN_CONSTANT_CONVERSION = YES;
				CLANG_WARN_DIRECT_OBJC_ISA_USAGE = YES_ERROR;
				CLANG_WARN_EMPTY_BODY = YES;
				CLANG_WARN_ENUM_CONVERSION = YES;
				CLANG_WARN_INT_CONVERSION = YES;
				CLANG_WARN_OBJC_ROOT_CLASS = YES_ERROR;
				CLANG_WARN_UNREACHABLE_CODE = YES;
				CLANG_WARN__DUPLICATE_METHOD_MATCH = YES;
				"CODE_SIGN_IDENTITY[sdk=iphoneos*]" = "iPhone Developer";
				COPY_PHASE_STRIP = NO;
				DEBUG_INFORMATION_FORMAT = "dwarf-with-dsym";
				ENABLE_NS_ASSERTIONS = NO;
				ENABLE_STRICT_OBJC_MSGSEND = YES;
				GCC_C_LANGUAGE_STANDARD = gnu99;
				GCC_NO_COMMON_BLOCKS = YES;
				GCC_WARN_64_TO_32_BIT_CONVERSION = YES;
				GCC_WARN_ABOUT_RETURN_TYPE = YES_ERROR;
				GCC_WARN_UNDECLARED_SELECTOR = YES;
				GCC_WARN_UNINITIALIZED_AUTOS = YES_AGGRESSIVE;
				GCC_WARN_UNUSED_FUNCTION = YES;
				GCC_WARN_UNUSED_VARIABLE = YES;
				IPHONEOS_DEPLOYMENT_TARGET = 9.3;
				MTL_ENABLE_DEBUG_INFO = NO;
				SDKROOT = iphoneos;
				VALIDATE_PRODUCT = YES;
			};
			name = Release;
		};
		6B9F93851DAB99DD00C974FE /* Debug */ = {
			isa = XCBuildConfiguration;
			buildSettings = {
				ASSETCATALOG_COMPILER_APPICON_NAME = AppIcon;
				INFOPLIST_FILE = horizontallyCalenadrDemo/Info.plist;
				LD_RUNPATH_SEARCH_PATHS = "$(inherited) @executable_path/Frameworks";
				PRODUCT_BUNDLE_IDENTIFIER = com.Onein.horizontallyCalenadrDemo;
				PRODUCT_NAME = "$(TARGET_NAME)";
			};
			name = Debug;
		};
		6B9F93861DAB99DD00C974FE /* Release */ = {
			isa = XCBuildConfiguration;
			buildSettings = {
				ASSETCATALOG_COMPILER_APPICON_NAME = AppIcon;
				INFOPLIST_FILE = horizontallyCalenadrDemo/Info.plist;
				LD_RUNPATH_SEARCH_PATHS = "$(inherited) @executable_path/Frameworks";
				PRODUCT_BUNDLE_IDENTIFIER = com.Onein.horizontallyCalenadrDemo;
				PRODUCT_NAME = "$(TARGET_NAME)";
			};
			name = Release;
		};
/* End XCBuildConfiguration section */

/* Begin XCConfigurationList section */
		6B9F93681DAB99DC00C974FE /* Build configuration list for PBXProject "horizontallyCalenadrDemo" */ = {
			isa = XCConfigurationList;
			buildConfigurations = (
				6B9F93821DAB99DD00C974FE /* Debug */,
				6B9F93831DAB99DD00C974FE /* Release */,
			);
			defaultConfigurationIsVisible = 0;
			defaultConfigurationName = Release;
		};
		6B9F93841DAB99DD00C974FE /* Build configuration list for PBXNativeTarget "horizontallyCalenadrDemo" */ = {
			isa = XCConfigurationList;
			buildConfigurations = (
				6B9F93851DAB99DD00C974FE /* Debug */,
				6B9F93861DAB99DD00C974FE /* Release */,
			);
			defaultConfigurationIsVisible = 0;
		};
/* End XCConfigurationList section */
	};
	rootObject = 6B9F93651DAB99DC00C974FE /* Project object */;
}
